
Microsoft Visual Studio Solution File, Format Version 12.00
# Visual Studio Version 17
VisualStudioVersion = 17.2.32519.379
MinimumVisualStudioVersion = 10.0.40219.1
Project("{FAE04EC0-301F-11D3-BF4B-00C04F79EFBC}") = "LSPDisplay", "LSPDisplay\LSPDisplay.csproj", "{9EDF7DE3-FEF9-4F2E-82AC-4B6C0C693034}"
EndProject
Global
	GlobalSection(SolutionConfigurationPlatforms) = preSolution
		Debug|Any CPU = Debug|Any CPU
		Release|Any CPU = Release|Any CPU
	EndGlobalSection
	GlobalSection(ProjectConfigurationPlatforms) = postSolution
		{9EDF7DE3-FEF9-4F2E-82AC-4B6C0C693034}.Debug|Any CPU.ActiveCfg = Debug|Any CPU
		{9EDF7DE3-FEF9-4F2E-82AC-4B6C0C693034}.Debug|Any CPU.Build.0 = Debug|Any CPU
		{9EDF7DE3-FEF9-4F2E-82AC-4B6C0C693034}.Release|Any CPU.ActiveCfg = Release|Any CPU
		{9EDF7DE3-FEF9-4F2E-82AC-4B6C0C693034}.Release|Any CPU.Build.0 = Release|Any CPU
	EndGlobalSection
	GlobalSection(SolutionProperties) = preSolution
		HideSolutionNode = FALSE
	EndGlobalSection
	GlobalSection(ExtensibilityGlobals) = postSolution
		SolutionGuid = {F75DFF78-1A18-4F5F-BF16-EE47FF694C50}
	EndGlobalSection
EndGlobal
